
Microsoft Visual Studio Solution File, Format Version 12.00
# Visual Studio 15
VisualStudioVersion = 15.0.28307.1758
MinimumVisualStudioVersion = 10.0.40219.1
Project("{FAE04EC0-301F-11D3-BF4B-00C04F79EFBC}") = "builders", "builders\builders.csproj", "{417A26B3-114C-48D5-92EE-AE260276F8BE}"
EndProject
Global
	GlobalSection(SolutionConfigurationPlatforms) = preSolution
		Debug|Any CPU = Debug|Any CPU
		Release|Any CPU = Release|Any CPU
	EndGlobalSection
	GlobalSection(ProjectConfigurationPlatforms) = postSolution
		{417A26B3-114C-48D5-92EE-AE260276F8BE}.Debug|Any CPU.ActiveCfg = Debug|Any CPU
		{417A26B3-114C-48D5-92EE-AE260276F8BE}.Debug|Any CPU.Build.0 = Debug|Any CPU
		{417A26B3-114C-48D5-92EE-AE260276F8BE}.Release|Any CPU.ActiveCfg = Release|Any CPU
		{417A26B3-114C-48D5-92EE-AE260276F8BE}.Release|Any CPU.Build.0 = Release|Any CPU
	EndGlobalSection
	GlobalSection(SolutionProperties) = preSolution
		HideSolutionNode = FALSE
	EndGlobalSection
	GlobalSection(ExtensibilityGlobals) = postSolution
		SolutionGuid = {09EDB9BF-2099-44CC-BFC4-06777D933D93}
	EndGlobalSection
EndGlobal
